
Microsoft Visual Studio Solution File, Format Version 12.00
# Visual Studio Version 17
VisualStudioVersion = 17.3.32901.215
MinimumVisualStudioVersion = 10.0.40219.1
Project("{FAE04EC0-301F-11D3-BF4B-00C04F79EFBC}") = "itemComponent", "itemComponent\itemComponent.csproj", "{B02ED5DD-15E6-469F-8E1E-A22EB772BDFA}"
EndProject
Global
	GlobalSection(SolutionConfigurationPlatforms) = preSolution
		Debug|Any CPU = Debug|Any CPU
		Release|Any CPU = Release|Any CPU
	EndGlobalSection
	GlobalSection(ProjectConfigurationPlatforms) = postSolution
		{B02ED5DD-15E6-469F-8E1E-A22EB772BDFA}.Debug|Any CPU.ActiveCfg = Debug|Any CPU
		{B02ED5DD-15E6-469F-8E1E-A22EB772BDFA}.Debug|Any CPU.Build.0 = Debug|Any CPU
		{B02ED5DD-15E6-469F-8E1E-A22EB772BDFA}.Release|Any CPU.ActiveCfg = Release|Any CPU
		{B02ED5DD-15E6-469F-8E1E-A22EB772BDFA}.Release|Any CPU.Build.0 = Release|Any CPU
	EndGlobalSection
	GlobalSection(SolutionProperties) = preSolution
		HideSolutionNode = FALSE
	EndGlobalSection
	GlobalSection(ExtensibilityGlobals) = postSolution
		SolutionGuid = {401E496B-E5E1-443C-9425-5F0D4CEDC5EE}
	EndGlobalSection
EndGlobal
