
Microsoft Visual Studio Solution File, Format Version 12.00
# Visual Studio Version 17
VisualStudioVersion = 17.4.33122.133
MinimumVisualStudioVersion = 10.0.40219.1
Project("{FAE04EC0-301F-11D3-BF4B-00C04F79EFBC}") = "sınavvvvv7", "sınavvvvv7\sınavvvvv7.csproj", "{3FEA53D7-B8EC-4C15-8C28-4CEB65637EA0}"
EndProject
Global
	GlobalSection(SolutionConfigurationPlatforms) = preSolution
		Debug|Any CPU = Debug|Any CPU
		Release|Any CPU = Release|Any CPU
	EndGlobalSection
	GlobalSection(ProjectConfigurationPlatforms) = postSolution
		{3FEA53D7-B8EC-4C15-8C28-4CEB65637EA0}.Debug|Any CPU.ActiveCfg = Debug|Any CPU
		{3FEA53D7-B8EC-4C15-8C28-4CEB65637EA0}.Debug|Any CPU.Build.0 = Debug|Any CPU
		{3FEA53D7-B8EC-4C15-8C28-4CEB65637EA0}.Release|Any CPU.ActiveCfg = Release|Any CPU
		{3FEA53D7-B8EC-4C15-8C28-4CEB65637EA0}.Release|Any CPU.Build.0 = Release|Any CPU
	EndGlobalSection
	GlobalSection(SolutionProperties) = preSolution
		HideSolutionNode = FALSE
	EndGlobalSection
	GlobalSection(ExtensibilityGlobals) = postSolution
		SolutionGuid = {2FFB71D9-91E8-4928-A03C-29272CD6AAAE}
	EndGlobalSection
EndGlobal
