
Microsoft Visual Studio Solution File, Format Version 12.00
# Visual Studio Version 17
VisualStudioVersion = 17.3.32901.215
MinimumVisualStudioVersion = 10.0.40219.1
Project("{FAE04EC0-301F-11D3-BF4B-00C04F79EFBC}") = "TipDonusum", "TipDonusum\TipDonusum.csproj", "{7BC8D5B5-18D6-43FD-B4D0-8A55515E3FEA}"
EndProject
Global
	GlobalSection(SolutionConfigurationPlatforms) = preSolution
		Debug|Any CPU = Debug|Any CPU
		Release|Any CPU = Release|Any CPU
	EndGlobalSection
	GlobalSection(ProjectConfigurationPlatforms) = postSolution
		{7BC8D5B5-18D6-43FD-B4D0-8A55515E3FEA}.Debug|Any CPU.ActiveCfg = Debug|Any CPU
		{7BC8D5B5-18D6-43FD-B4D0-8A55515E3FEA}.Debug|Any CPU.Build.0 = Debug|Any CPU
		{7BC8D5B5-18D6-43FD-B4D0-8A55515E3FEA}.Release|Any CPU.ActiveCfg = Release|Any CPU
		{7BC8D5B5-18D6-43FD-B4D0-8A55515E3FEA}.Release|Any CPU.Build.0 = Release|Any CPU
	EndGlobalSection
	GlobalSection(SolutionProperties) = preSolution
		HideSolutionNode = FALSE
	EndGlobalSection
	GlobalSection(ExtensibilityGlobals) = postSolution
		SolutionGuid = {49A4785A-9578-4F23-ABDB-DBFDCA870E5E}
	EndGlobalSection
EndGlobal
