
Microsoft Visual Studio Solution File, Format Version 12.00
# Visual Studio Version 17
VisualStudioVersion = 17.3.32901.215
MinimumVisualStudioVersion = 10.0.40219.1
Project("{FAE04EC0-301F-11D3-BF4B-00C04F79EFBC}") = "mege", "mege\mege.csproj", "{6DB91D59-ED38-4540-9899-0218D342DC65}"
EndProject
Global
	GlobalSection(SolutionConfigurationPlatforms) = preSolution
		Debug|Any CPU = Debug|Any CPU
		Release|Any CPU = Release|Any CPU
	EndGlobalSection
	GlobalSection(ProjectConfigurationPlatforms) = postSolution
		{6DB91D59-ED38-4540-9899-0218D342DC65}.Debug|Any CPU.ActiveCfg = Debug|Any CPU
		{6DB91D59-ED38-4540-9899-0218D342DC65}.Debug|Any CPU.Build.0 = Debug|Any CPU
		{6DB91D59-ED38-4540-9899-0218D342DC65}.Release|Any CPU.ActiveCfg = Release|Any CPU
		{6DB91D59-ED38-4540-9899-0218D342DC65}.Release|Any CPU.Build.0 = Release|Any CPU
	EndGlobalSection
	GlobalSection(SolutionProperties) = preSolution
		HideSolutionNode = FALSE
	EndGlobalSection
	GlobalSection(ExtensibilityGlobals) = postSolution
		SolutionGuid = {33157422-B9AB-45DF-BCE9-CB22E291835F}
	EndGlobalSection
EndGlobal
