
Microsoft Visual Studio Solution File, Format Version 12.00
# Visual Studio Version 17
VisualStudioVersion = 17.4.33122.133
MinimumVisualStudioVersion = 10.0.40219.1
Project("{FAE04EC0-301F-11D3-BF4B-00C04F79EFBC}") = "TekDügmeTersDizi", "TekDügmeTersDizi\TekDügmeTersDizi.csproj", "{1BA8A745-89E2-4DD0-96FF-9BC2B841820B}"
EndProject
Global
	GlobalSection(SolutionConfigurationPlatforms) = preSolution
		Debug|Any CPU = Debug|Any CPU
		Release|Any CPU = Release|Any CPU
	EndGlobalSection
	GlobalSection(ProjectConfigurationPlatforms) = postSolution
		{1BA8A745-89E2-4DD0-96FF-9BC2B841820B}.Debug|Any CPU.ActiveCfg = Debug|Any CPU
		{1BA8A745-89E2-4DD0-96FF-9BC2B841820B}.Debug|Any CPU.Build.0 = Debug|Any CPU
		{1BA8A745-89E2-4DD0-96FF-9BC2B841820B}.Release|Any CPU.ActiveCfg = Release|Any CPU
		{1BA8A745-89E2-4DD0-96FF-9BC2B841820B}.Release|Any CPU.Build.0 = Release|Any CPU
	EndGlobalSection
	GlobalSection(SolutionProperties) = preSolution
		HideSolutionNode = FALSE
	EndGlobalSection
	GlobalSection(ExtensibilityGlobals) = postSolution
		SolutionGuid = {E596E258-37DD-40A2-AEC5-13AA573F9C6A}
	EndGlobalSection
EndGlobal
