
Microsoft Visual Studio Solution File, Format Version 12.00
# Visual Studio Version 17
VisualStudioVersion = 17.4.33122.133
MinimumVisualStudioVersion = 10.0.40219.1
Project("{FAE04EC0-301F-11D3-BF4B-00C04F79EFBC}") = "rastgeleSayıBulma", "rastgeleSayıBulma\rastgeleSayıBulma.csproj", "{D43F49FA-6A43-4103-8BF5-4382FD9323E6}"
EndProject
Global
	GlobalSection(SolutionConfigurationPlatforms) = preSolution
		Debug|Any CPU = Debug|Any CPU
		Release|Any CPU = Release|Any CPU
	EndGlobalSection
	GlobalSection(ProjectConfigurationPlatforms) = postSolution
		{D43F49FA-6A43-4103-8BF5-4382FD9323E6}.Debug|Any CPU.ActiveCfg = Debug|Any CPU
		{D43F49FA-6A43-4103-8BF5-4382FD9323E6}.Debug|Any CPU.Build.0 = Debug|Any CPU
		{D43F49FA-6A43-4103-8BF5-4382FD9323E6}.Release|Any CPU.ActiveCfg = Release|Any CPU
		{D43F49FA-6A43-4103-8BF5-4382FD9323E6}.Release|Any CPU.Build.0 = Release|Any CPU
	EndGlobalSection
	GlobalSection(SolutionProperties) = preSolution
		HideSolutionNode = FALSE
	EndGlobalSection
	GlobalSection(ExtensibilityGlobals) = postSolution
		SolutionGuid = {0DC6FE86-E4EA-4A4F-A86C-2EA6DA7A1718}
	EndGlobalSection
EndGlobal
