
Microsoft Visual Studio Solution File, Format Version 12.00
# Visual Studio Version 17
VisualStudioVersion = 17.4.33122.133
MinimumVisualStudioVersion = 10.0.40219.1
Project("{FAE04EC0-301F-11D3-BF4B-00C04F79EFBC}") = "degiskenKapsamı", "degiskenKapsamı\degiskenKapsamı.csproj", "{0674FBF9-2F61-45A3-BEDA-7CACAB9BE845}"
EndProject
Global
	GlobalSection(SolutionConfigurationPlatforms) = preSolution
		Debug|Any CPU = Debug|Any CPU
		Release|Any CPU = Release|Any CPU
	EndGlobalSection
	GlobalSection(ProjectConfigurationPlatforms) = postSolution
		{0674FBF9-2F61-45A3-BEDA-7CACAB9BE845}.Debug|Any CPU.ActiveCfg = Debug|Any CPU
		{0674FBF9-2F61-45A3-BEDA-7CACAB9BE845}.Debug|Any CPU.Build.0 = Debug|Any CPU
		{0674FBF9-2F61-45A3-BEDA-7CACAB9BE845}.Release|Any CPU.ActiveCfg = Release|Any CPU
		{0674FBF9-2F61-45A3-BEDA-7CACAB9BE845}.Release|Any CPU.Build.0 = Release|Any CPU
	EndGlobalSection
	GlobalSection(SolutionProperties) = preSolution
		HideSolutionNode = FALSE
	EndGlobalSection
	GlobalSection(ExtensibilityGlobals) = postSolution
		SolutionGuid = {DF1D19A7-198F-4EB9-9F12-765917182FF6}
	EndGlobalSection
EndGlobal
