
Microsoft Visual Studio Solution File, Format Version 12.00
# Visual Studio Version 17
VisualStudioVersion = 17.3.32901.215
MinimumVisualStudioVersion = 10.0.40219.1
Project("{FAE04EC0-301F-11D3-BF4B-00C04F79EFBC}") = "Program2", "Program2\Program2.csproj", "{B6F2642A-2C4D-458A-9C96-C369A5118D65}"
EndProject
Global
	GlobalSection(SolutionConfigurationPlatforms) = preSolution
		Debug|Any CPU = Debug|Any CPU
		Release|Any CPU = Release|Any CPU
	EndGlobalSection
	GlobalSection(ProjectConfigurationPlatforms) = postSolution
		{B6F2642A-2C4D-458A-9C96-C369A5118D65}.Debug|Any CPU.ActiveCfg = Debug|Any CPU
		{B6F2642A-2C4D-458A-9C96-C369A5118D65}.Debug|Any CPU.Build.0 = Debug|Any CPU
		{B6F2642A-2C4D-458A-9C96-C369A5118D65}.Release|Any CPU.ActiveCfg = Release|Any CPU
		{B6F2642A-2C4D-458A-9C96-C369A5118D65}.Release|Any CPU.Build.0 = Release|Any CPU
	EndGlobalSection
	GlobalSection(SolutionProperties) = preSolution
		HideSolutionNode = FALSE
	EndGlobalSection
	GlobalSection(ExtensibilityGlobals) = postSolution
		SolutionGuid = {5477F097-0E85-4D17-BFAC-8732E9E728BD}
	EndGlobalSection
EndGlobal
