
Microsoft Visual Studio Solution File, Format Version 12.00
# Visual Studio Version 17
VisualStudioVersion = 17.3.32901.215
MinimumVisualStudioVersion = 10.0.40219.1
Project("{FAE04EC0-301F-11D3-BF4B-00C04F79EFBC}") = "EKSİİİ", "EKSİİİ\EKSİİİ.csproj", "{917E08D9-497C-4EC1-A17E-93E5128A4EA1}"
EndProject
Global
	GlobalSection(SolutionConfigurationPlatforms) = preSolution
		Debug|Any CPU = Debug|Any CPU
		Release|Any CPU = Release|Any CPU
	EndGlobalSection
	GlobalSection(ProjectConfigurationPlatforms) = postSolution
		{917E08D9-497C-4EC1-A17E-93E5128A4EA1}.Debug|Any CPU.ActiveCfg = Debug|Any CPU
		{917E08D9-497C-4EC1-A17E-93E5128A4EA1}.Debug|Any CPU.Build.0 = Debug|Any CPU
		{917E08D9-497C-4EC1-A17E-93E5128A4EA1}.Release|Any CPU.ActiveCfg = Release|Any CPU
		{917E08D9-497C-4EC1-A17E-93E5128A4EA1}.Release|Any CPU.Build.0 = Release|Any CPU
	EndGlobalSection
	GlobalSection(SolutionProperties) = preSolution
		HideSolutionNode = FALSE
	EndGlobalSection
	GlobalSection(ExtensibilityGlobals) = postSolution
		SolutionGuid = {29A9A680-24ED-4B28-9515-F88FB331F1DD}
	EndGlobalSection
EndGlobal
