
Microsoft Visual Studio Solution File, Format Version 12.00
# Visual Studio Version 17
VisualStudioVersion = 17.4.33122.133
MinimumVisualStudioVersion = 10.0.40219.1
Project("{FAE04EC0-301F-11D3-BF4B-00C04F79EFBC}") = "megeGeriDonusüm", "megeGeriDonusüm\megeGeriDonusüm.csproj", "{058F5411-8BAF-4DD2-9D0C-B1C54DFEC6A7}"
EndProject
Global
	GlobalSection(SolutionConfigurationPlatforms) = preSolution
		Debug|Any CPU = Debug|Any CPU
		Release|Any CPU = Release|Any CPU
	EndGlobalSection
	GlobalSection(ProjectConfigurationPlatforms) = postSolution
		{058F5411-8BAF-4DD2-9D0C-B1C54DFEC6A7}.Debug|Any CPU.ActiveCfg = Debug|Any CPU
		{058F5411-8BAF-4DD2-9D0C-B1C54DFEC6A7}.Debug|Any CPU.Build.0 = Debug|Any CPU
		{058F5411-8BAF-4DD2-9D0C-B1C54DFEC6A7}.Release|Any CPU.ActiveCfg = Release|Any CPU
		{058F5411-8BAF-4DD2-9D0C-B1C54DFEC6A7}.Release|Any CPU.Build.0 = Release|Any CPU
	EndGlobalSection
	GlobalSection(SolutionProperties) = preSolution
		HideSolutionNode = FALSE
	EndGlobalSection
	GlobalSection(ExtensibilityGlobals) = postSolution
		SolutionGuid = {E9C6C316-693B-4622-B520-FA060A3D056C}
	EndGlobalSection
EndGlobal
