
Microsoft Visual Studio Solution File, Format Version 12.00
# Visual Studio Version 17
VisualStudioVersion = 17.3.32901.215
MinimumVisualStudioVersion = 10.0.40219.1
Project("{FAE04EC0-301F-11D3-BF4B-00C04F79EFBC}") = "TimeToFly", "TimeToFly\TimeToFly.csproj", "{5F9E34AB-41FA-408D-BDF1-47C6F27C5816}"
EndProject
Global
	GlobalSection(SolutionConfigurationPlatforms) = preSolution
		Debug|Any CPU = Debug|Any CPU
		Release|Any CPU = Release|Any CPU
	EndGlobalSection
	GlobalSection(ProjectConfigurationPlatforms) = postSolution
		{5F9E34AB-41FA-408D-BDF1-47C6F27C5816}.Debug|Any CPU.ActiveCfg = Debug|Any CPU
		{5F9E34AB-41FA-408D-BDF1-47C6F27C5816}.Debug|Any CPU.Build.0 = Debug|Any CPU
		{5F9E34AB-41FA-408D-BDF1-47C6F27C5816}.Release|Any CPU.ActiveCfg = Release|Any CPU
		{5F9E34AB-41FA-408D-BDF1-47C6F27C5816}.Release|Any CPU.Build.0 = Release|Any CPU
	EndGlobalSection
	GlobalSection(SolutionProperties) = preSolution
		HideSolutionNode = FALSE
	EndGlobalSection
	GlobalSection(ExtensibilityGlobals) = postSolution
		SolutionGuid = {BA861B03-9B40-4141-BC05-393171726609}
	EndGlobalSection
EndGlobal
