
Microsoft Visual Studio Solution File, Format Version 12.00
# Visual Studio Version 17
VisualStudioVersion = 17.4.33122.133
MinimumVisualStudioVersion = 10.0.40219.1
Project("{FAE04EC0-301F-11D3-BF4B-00C04F79EFBC}") = "rastgele2", "rastgele2\rastgele2.csproj", "{358C3975-8908-4EBD-BE02-B2E3CE2E9376}"
EndProject
Global
	GlobalSection(SolutionConfigurationPlatforms) = preSolution
		Debug|Any CPU = Debug|Any CPU
		Release|Any CPU = Release|Any CPU
	EndGlobalSection
	GlobalSection(ProjectConfigurationPlatforms) = postSolution
		{358C3975-8908-4EBD-BE02-B2E3CE2E9376}.Debug|Any CPU.ActiveCfg = Debug|Any CPU
		{358C3975-8908-4EBD-BE02-B2E3CE2E9376}.Debug|Any CPU.Build.0 = Debug|Any CPU
		{358C3975-8908-4EBD-BE02-B2E3CE2E9376}.Release|Any CPU.ActiveCfg = Release|Any CPU
		{358C3975-8908-4EBD-BE02-B2E3CE2E9376}.Release|Any CPU.Build.0 = Release|Any CPU
	EndGlobalSection
	GlobalSection(SolutionProperties) = preSolution
		HideSolutionNode = FALSE
	EndGlobalSection
	GlobalSection(ExtensibilityGlobals) = postSolution
		SolutionGuid = {37A2309E-23A9-457D-ABD3-086A026E09D6}
	EndGlobalSection
EndGlobal
