
Microsoft Visual Studio Solution File, Format Version 12.00
# Visual Studio Version 17
VisualStudioVersion = 17.4.33122.133
MinimumVisualStudioVersion = 10.0.40219.1
Project("{FAE04EC0-301F-11D3-BF4B-00C04F79EFBC}") = "adamAsmacaDeneme", "adamAsmacaDeneme\adamAsmacaDeneme.csproj", "{1B9B4454-7620-4C17-8970-EDB3FE5F5E25}"
EndProject
Global
	GlobalSection(SolutionConfigurationPlatforms) = preSolution
		Debug|Any CPU = Debug|Any CPU
		Release|Any CPU = Release|Any CPU
	EndGlobalSection
	GlobalSection(ProjectConfigurationPlatforms) = postSolution
		{1B9B4454-7620-4C17-8970-EDB3FE5F5E25}.Debug|Any CPU.ActiveCfg = Debug|Any CPU
		{1B9B4454-7620-4C17-8970-EDB3FE5F5E25}.Debug|Any CPU.Build.0 = Debug|Any CPU
		{1B9B4454-7620-4C17-8970-EDB3FE5F5E25}.Release|Any CPU.ActiveCfg = Release|Any CPU
		{1B9B4454-7620-4C17-8970-EDB3FE5F5E25}.Release|Any CPU.Build.0 = Release|Any CPU
	EndGlobalSection
	GlobalSection(SolutionProperties) = preSolution
		HideSolutionNode = FALSE
	EndGlobalSection
	GlobalSection(ExtensibilityGlobals) = postSolution
		SolutionGuid = {94D47549-B94B-4FA3-B985-CC33174E260D}
	EndGlobalSection
EndGlobal
