
Microsoft Visual Studio Solution File, Format Version 12.00
# Visual Studio Version 17
VisualStudioVersion = 17.4.33122.133
MinimumVisualStudioVersion = 10.0.40219.1
Project("{FAE04EC0-301F-11D3-BF4B-00C04F79EFBC}") = "hangmanV2.3", "hangmanV2.3\hangmanV2.3.csproj", "{43A4E358-19D1-406A-857B-837E79B37411}"
EndProject
Global
	GlobalSection(SolutionConfigurationPlatforms) = preSolution
		Debug|Any CPU = Debug|Any CPU
		Release|Any CPU = Release|Any CPU
	EndGlobalSection
	GlobalSection(ProjectConfigurationPlatforms) = postSolution
		{43A4E358-19D1-406A-857B-837E79B37411}.Debug|Any CPU.ActiveCfg = Debug|Any CPU
		{43A4E358-19D1-406A-857B-837E79B37411}.Debug|Any CPU.Build.0 = Debug|Any CPU
		{43A4E358-19D1-406A-857B-837E79B37411}.Release|Any CPU.ActiveCfg = Release|Any CPU
		{43A4E358-19D1-406A-857B-837E79B37411}.Release|Any CPU.Build.0 = Release|Any CPU
	EndGlobalSection
	GlobalSection(SolutionProperties) = preSolution
		HideSolutionNode = FALSE
	EndGlobalSection
	GlobalSection(ExtensibilityGlobals) = postSolution
		SolutionGuid = {080A1735-20CD-4720-8EF9-221137B263DF}
	EndGlobalSection
EndGlobal
