
Microsoft Visual Studio Solution File, Format Version 12.00
# Visual Studio Version 17
VisualStudioVersion = 17.4.33122.133
MinimumVisualStudioVersion = 10.0.40219.1
Project("{FAE04EC0-301F-11D3-BF4B-00C04F79EFBC}") = "YenidenDiziler", "YenidenDiziler\YenidenDiziler.csproj", "{C9A372EA-5EA0-4074-A41A-CCB0E8E32774}"
EndProject
Global
	GlobalSection(SolutionConfigurationPlatforms) = preSolution
		Debug|Any CPU = Debug|Any CPU
		Release|Any CPU = Release|Any CPU
	EndGlobalSection
	GlobalSection(ProjectConfigurationPlatforms) = postSolution
		{C9A372EA-5EA0-4074-A41A-CCB0E8E32774}.Debug|Any CPU.ActiveCfg = Debug|Any CPU
		{C9A372EA-5EA0-4074-A41A-CCB0E8E32774}.Debug|Any CPU.Build.0 = Debug|Any CPU
		{C9A372EA-5EA0-4074-A41A-CCB0E8E32774}.Release|Any CPU.ActiveCfg = Release|Any CPU
		{C9A372EA-5EA0-4074-A41A-CCB0E8E32774}.Release|Any CPU.Build.0 = Release|Any CPU
	EndGlobalSection
	GlobalSection(SolutionProperties) = preSolution
		HideSolutionNode = FALSE
	EndGlobalSection
	GlobalSection(ExtensibilityGlobals) = postSolution
		SolutionGuid = {8D6D07FD-F62F-4A25-A0EE-CB76D946D0FD}
	EndGlobalSection
EndGlobal
