
Microsoft Visual Studio Solution File, Format Version 12.00
# Visual Studio Version 17
VisualStudioVersion = 17.4.33122.133
MinimumVisualStudioVersion = 10.0.40219.1
Project("{FAE04EC0-301F-11D3-BF4B-00C04F79EFBC}") = "tıklaGör", "tıklaGör\tıklaGör.csproj", "{96FC2AFE-5416-4DAB-8BBB-D580D8BFBFAA}"
EndProject
Global
	GlobalSection(SolutionConfigurationPlatforms) = preSolution
		Debug|Any CPU = Debug|Any CPU
		Release|Any CPU = Release|Any CPU
	EndGlobalSection
	GlobalSection(ProjectConfigurationPlatforms) = postSolution
		{96FC2AFE-5416-4DAB-8BBB-D580D8BFBFAA}.Debug|Any CPU.ActiveCfg = Debug|Any CPU
		{96FC2AFE-5416-4DAB-8BBB-D580D8BFBFAA}.Debug|Any CPU.Build.0 = Debug|Any CPU
		{96FC2AFE-5416-4DAB-8BBB-D580D8BFBFAA}.Release|Any CPU.ActiveCfg = Release|Any CPU
		{96FC2AFE-5416-4DAB-8BBB-D580D8BFBFAA}.Release|Any CPU.Build.0 = Release|Any CPU
	EndGlobalSection
	GlobalSection(SolutionProperties) = preSolution
		HideSolutionNode = FALSE
	EndGlobalSection
	GlobalSection(ExtensibilityGlobals) = postSolution
		SolutionGuid = {C72DF334-078E-4943-9E1E-DCEB2ED89741}
	EndGlobalSection
EndGlobal
